apiVersion: vendir.k14s.io/v1alpha1
directories:
- contents:
  - configDigest: 70f945b1522fead9a830cfbbcf7a3861483f0fadb3c5a7f78431d2ba75dfc3d1
    helmChart:
      appVersion: v2.10.1
      version: 2.10.1
    path: .
  path: .myks/vendir-cache/helm-rancher-2.10.1-c25e8f3ccb9188b7/data
kind: LockConfig
