apiVersion: vendir.k14s.io/v1alpha1
directories:
- contents:
  - configDigest: e103f0bd5db6e254bdb2a6c92d09b235ca728a23b2b510b68773bc67d6013f10
    helmChart:
      appVersion: 1.24.1
      version: 0.22.1
    path: .
  path: .myks/vendir-cache/helm-cloudnative-pg-0.22.1-853ddc0b235a8b08/data
kind: LockConfig
