apiVersion: vendir.k14s.io/v1alpha1
directories:
- contents:
  - configDigest: 49b93a7c2808ef71073a4e0865aca8e22364e56db985ee23b61635ca07513276
    helmChart:
      appVersion: 1.24.0
      version: 0.22.0
    path: .
  path: .myks/vendir-cache/helm-cloudnative-pg-0.22.0-8539e00b2356a8fd/data
kind: LockConfig
