apiVersion: vendir.k14s.io/v1alpha1
directories:
- contents:
  - configDigest: 80ec3baa5edc350e2df544337527a7cb6a4801d0c0530b1e8ff60f81be223e88
    helmChart:
      appVersion: 11.5.1
      version: 8.9.0
    path: .
  path: .myks/vendir-cache/helm-grafana-8.9.0-a8bdd1209d55e1f9/data
kind: LockConfig
