apiVersion: vendir.k14s.io/v1alpha1
directories:
- contents:
  - configDigest: 63871bccd3af93b2be7610e2509dc0bd7b6ef2673f005259956d9068fd2b74b5
    helmChart:
      appVersion: v0.53.0
      version: 0.42.5
    path: .
  path: .myks/vendir-cache/helm-victoria-metrics-operator-0.42.5-4281cfd4f8f07af4/data
kind: LockConfig
