apiVersion: vendir.k14s.io/v1alpha1
directories:
- contents:
  - configDigest: c3f3fb3d9f77c6aa6903bbc99a0f16db27fbf68d92a244e3ba2dd6dcecaad392
    git:
      commitTitle: Bump version to 2.13.2 (#21133)...
      sha: dc43124058130db9a747d141d86d7c2f4aac7bf9
      tags:
      - stable
    path: .
  path: .myks/vendir-cache/git-argo-cd-v2.13.2-6a502afabaf7c5f5/data
kind: LockConfig
