apiVersion: vendir.k14s.io/v1alpha1
directories:
- contents:
  - configDigest: 84537020559ac21fcb1c8f0871709d5ef95e04b4d3ba87bfe0f63ec3e26ccf38
    helmChart:
      appVersion: v0.80.0
      version: 69.2.3
    path: .
  path: .myks/vendir-cache/helm-kube-prometheus-stack-69.2.3-c7d4c56f0b80b683/data
kind: LockConfig
