apiVersion: vendir.k14s.io/v1alpha1
directories:
- contents:
  - configDigest: 92b2332835622dd010a6dc8177f966bba58d385735adc87edfef1a57325e6cf1
    helmChart:
      appVersion: v1.3.2
      version: 0.8.11
    path: .
  path: .myks/vendir-cache/helm-victoria-logs-single-0.8.11-4802437b4b43a5e1/data
kind: LockConfig
