apiVersion: vendir.k14s.io/v1alpha1
directories:
- contents:
  - configDigest: 9c1b57784288d4649fd28bc32a451df1e6d5dd6296e9e060e2a4c0cc8ff03f3d
    helmChart:
      appVersion: v1.6.1
      version: 0.8.14
    path: .
  path: .myks/vendir-cache/helm-victoria-logs-single-0.8.14-48133f7b4b521248/data
kind: LockConfig
