apiVersion: vendir.k14s.io/v1alpha1
directories:
- contents:
  - configDigest: bf4298bb5b55708afc8a29ff1535d95b761917f94396b6dc85146041a449f8b4
    git:
      commitTitle: Bump version to 2.14.9 on release-2.14 branch (#22549)...
      sha: 38985bdcd6c3b031fb83757a1fb0c39a55bf6a24
      tags:
      - v2.14.9
    path: .
  path: .myks/vendir-cache/git-argo-cd-v2.14.9-1c6bf263c8a9aead/data
kind: LockConfig
