apiVersion: vendir.k14s.io/v1alpha1
directories:
- contents:
  - configDigest: 6879b7a1611c99c6951eb912f637e3b4577a02ba607df10388d5a54e510152bb
    helmChart:
      appVersion: v2.11.0
      version: 2.11.0
    path: .
  path: .myks/vendir-cache/helm-rancher-2.11.0-7044dd35c3b61cb3/data
kind: LockConfig
