apiVersion: vendir.k14s.io/v1alpha1
directories:
- contents:
  - configDigest: 0329c9c04a84fa2859110e1e1fb2794926206c7fe7a16e304713b0bd0654fcb3
    git:
      commitTitle: Bump version to 2.14.8 on release-2.14 branch (#22469)...
      sha: a7178be1c1ebe08a61e326037173d2ef979cb3f8
      tags:
      - v2.14.8
    path: .
  path: .myks/vendir-cache/git-argo-cd-v2.14.8-5c560d6e380e9ee0/data
kind: LockConfig
