apiVersion: vendir.k14s.io/v1alpha1
directories:
- contents:
  - configDigest: 379d77f96f10068a7bcc689c08adeafbf6bd7b32620554f7196ed47979893b4a
    helmChart:
      appVersion: 2.0.7
      version: 3.10.0
    path: .
  path: .myks/vendir-cache/helm-flowise-3.10.0-7c7528504ffe2d5a/data
kind: LockConfig
