apiVersion: vendir.k14s.io/v1alpha1
directories:
- contents:
  - configDigest: 756e4c3b9ace856256e863c2057f7bed4d1cb8dc919fcb73fa9149424d983198
    helmChart:
      appVersion: v2.10.2
      version: 2.10.2
    path: .
  path: .myks/vendir-cache/helm-rancher-2.10.2-c2684f3ccb99707c/data
kind: LockConfig
