apiVersion: vendir.k14s.io/v1alpha1
directories:
- contents:
  - configDigest: 70986cf2034512fbf0480247c22f722d8561ab732680e85daead26d972e11254
    git:
      commitTitle: 'Merge pull request #4476 from mloiseleur/fix/deps-upgrade...'
      sha: e490412e6c44459524147febd140f4584d266fc5
      tags:
      - v0.14.2
    path: .
  path: .myks/vendir-cache/git-external-dns-v0.14.2-8d6b1af35141cb67/data
kind: LockConfig
