apiVersion: vendir.k14s.io/v1alpha1
directories:
- contents:
  - configDigest: 1a82734ae8b047a7a192b73b2de139fe0376711e644402db0de39be1d3f933fe
    helmChart:
      appVersion: v1.16.0
      version: 0.9.4
    path: .
  path: .myks/vendir-cache/helm-victoria-logs-single-0.9.4-95d46df19e266472/data
kind: LockConfig
