apiVersion: vendir.k14s.io/v1alpha1
directories:
- contents:
  - configDigest: c005e29427ac789a7a7416d8c7be683af0931ca0bf35564226b99b2f50c62c74
    helmChart:
      appVersion: v0.51.3
      version: 0.40.4
    path: .
  path: .myks/vendir-cache/helm-victoria-metrics-operator-0.40.4-454dcfe6a4d5bc1f/data
kind: LockConfig
