apiVersion: vendir.k14s.io/v1alpha1
directories:
- contents:
  - configDigest: ec9169a47679881d5fa70eb427c2d69d5a4225fd248acab4e430e8ba996b8553
    helmChart:
      appVersion: v2.10.3
      version: 2.10.3
    path: .
  path: .myks/vendir-cache/helm-rancher-2.10.3-c265533ccb974171/data
kind: LockConfig
