apiVersion: vendir.k14s.io/v1alpha1
directories:
- contents:
  - configDigest: 8e33fc63997cf7925f4e7376d07cd5853107a54c2efc273c129c44cdb6b7bd0d
    helmChart:
      appVersion: v1.14.1
      version: 1.14.1
    path: .
  path: .myks/vendir-cache/helm-oncall-1.14.1-f6841b9d0e32ce18/data
kind: LockConfig
