apiVersion: vendir.k14s.io/v1alpha1
directories:
- contents:
  - configDigest: 3eced5f70b1c69a9ce0c79710e49e6a35504b263a62e41a3b68aa10b9b3d3d03
    helmChart:
      appVersion: v0.55.0
      version: 0.44.0
    path: .
  path: .myks/vendir-cache/helm-victoria-metrics-operator-0.44.0-7fb82fc5246e1737/data
kind: LockConfig
