apiVersion: vendir.k14s.io/v1alpha1
directories:
- contents:
  - configDigest: e92ddd24aefae4b1b06c67a10ba4513c513dde7abc99c23d254694398af1a482
    git:
      commitTitle: 'Merge pull request #4963 from kubernetes-sigs/dependabot/go_modules/dev-dependencies-f2f1639fe4...'
      sha: c55b1a1127df024b95f927869a1bcd662ec4337a
      tags:
      - v0.15.1
    path: .
  path: .myks/vendir-cache/git-external-dns-v0.15.1-206f99b483c0af81/data
kind: LockConfig
