apiVersion: vendir.k14s.io/v1alpha1
directories:
- contents:
  - configDigest: e8db1604fd74acbd04b35734a6bb2268eae49c44396b5e075688db96bfc7db79
    helmChart:
      appVersion: v0.29.0
      version: 0.6.5
    path: .
  path: .myks/vendir-cache/helm-victoria-logs-single-0.6.5-3ae0f7b59238277c/data
kind: LockConfig
