apiVersion: vendir.k14s.io/v1alpha1
directories:
- contents:
  - configDigest: b84e6412eb5ded67fc9f77028fb4ff0675bed1204065145455f8fe3fc0935398
    git:
      commitTitle: Bump version to 2.14.5 on release-2.14 branch (#22292)...
      sha: f463a945d57267e9691cede37021d9ddc5994f36
      tags:
      - stable
    path: .
  path: .myks/vendir-cache/git-argo-cd-v2.14.5-ce214bf481e46751/data
kind: LockConfig
