apiVersion: vendir.k14s.io/v1alpha1
directories:
- contents:
  - configDigest: 0d4dfae0ce1a40a950de43e7047e8575d9d0f5473d091f34a068058b47618d1d
    helmChart:
      appVersion: v1.2.1
      version: 1.2.1
    path: .
  path: .myks/vendir-cache/helm-reloader-1.2.1-3be62d0f07f91f74/data
kind: LockConfig
