apiVersion: vendir.k14s.io/v1alpha1
directories:
- contents:
  - configDigest: 56f846bf395f3c3735187900b8446f79ab501d66c3702feb43ec25bbf8548551
    helmChart:
      appVersion: v1.16.0
      version: 0.9.3
    path: .
  path: .myks/vendir-cache/helm-victoria-logs-single-0.9.3-95e56df19e34d7a5/data
kind: LockConfig
