apiVersion: vendir.k14s.io/v1alpha1
directories:
- contents:
  - configDigest: 532f15b22d66eeb9a89df6db6dbed96df34afb69db6ca5294964dc70ecdab597
    helmChart:
      appVersion: v1.17.1
      version: v1.17.1
    path: .
  path: .myks/vendir-cache/helm-cert-manager-v1.17.1-76e31a2d65b3eb74/data
kind: LockConfig
