apiVersion: vendir.k14s.io/v1alpha1
directories:
- contents:
  - configDigest: cf09e1073731f275d893e65fb22181f0fe6b06f0b231c2ea4b54e9a6ccf6366e
    helmChart:
      appVersion: v1.6.1
      version: 0.8.15
    path: .
  path: .myks/vendir-cache/helm-victoria-logs-single-0.8.15-4810437b4b4fe33d/data
kind: LockConfig
