apiVersion: vendir.k14s.io/v1alpha1
directories:
- contents:
  - configDigest: bb22c9a69b9cc0c94662ac7c576f20c86a504d86e13700e3df4b1f40e4c3b07c
    helmChart:
      appVersion: 2.12.1
      version: 4.4.6
    path: .
  path: .myks/vendir-cache/helm-rabbitmq-cluster-operator-4.4.6-5afdc8c18f0b94a9/data
kind: LockConfig
