apiVersion: vendir.k14s.io/v1alpha1
directories:
- contents:
  - configDigest: b03471f1a36c4f72ef9eaf7e24273002390d519026d1559138e976ccd227482a
    helmChart:
      appVersion: v2.9.2
      version: 2.9.2
    path: .
  path: .myks/vendir-cache/helm-rancher-2.9.2-7867a6ec7d36272a/data
kind: LockConfig
