apiVersion: vendir.k14s.io/v1alpha1
directories:
- contents:
  - configDigest: d1ba6d895395b935bda97a1974a6970724bf3ca3e866f19f4a54ef21ce30e495
    helmChart:
      appVersion: 2.0.7
      version: 3.10.1
    path: .
  path: .myks/vendir-cache/helm-flowise-3.10.1-7c7224504ffbf0b7/data
kind: LockConfig
