apiVersion: vendir.k14s.io/v1alpha1
directories:
- contents:
  - configDigest: 7641a8dd492336bd06cace914091900e0350ba764bd5d8c6a9272506fac8fb57
    helmChart:
      appVersion: v1.10.2
      version: 1.10.2
    path: .
  path: .myks/vendir-cache/helm-oncall-1.10.2-474cdb7c2bcce24f/data
kind: LockConfig
