apiVersion: vendir.k14s.io/v1alpha1
directories:
- contents:
  - configDigest: 9e720f9f58e2f137a8e2fda5857a8e747f127533d5a08083bc5a636c3ff4d75c
    helmChart:
      appVersion: 2.0.7
      version: 3.10.2
    path: .
  path: .myks/vendir-cache/helm-flowise-3.10.2-7c7be4505003d87c/data
kind: LockConfig
