apiVersion: vendir.k14s.io/v1alpha1
directories:
- contents:
  - configDigest: ebbb6511d6f5ba49898a8a805e154dc2b259a9be76a9009e6f9d6568425c5d77
    helmChart:
      appVersion: v1.18.0
      version: 0.9.5
    path: .
  path: .myks/vendir-cache/helm-victoria-logs-single-0.9.5-95d0a9f19e22e18f/data
kind: LockConfig
