apiVersion: vendir.k14s.io/v1alpha1
directories:
- contents:
  - configDigest: 85eac5a4ffce58f9b2c3c3caf93f3585f7861d3bfb3e9306359d81b671a15f61
    helmChart:
      appVersion: v0.79.2
      version: 68.3.2
    path: .
  path: .myks/vendir-cache/helm-kube-prometheus-stack-68.3.2-42d67aa40e8dd6ca/data
kind: LockConfig
