apiVersion: vendir.k14s.io/v1alpha1
directories:
- contents:
  - configDigest: 223c49665dd1f1ad4ac341d45d1d5fd80b360f2be8e3195e3d7eb2947e1676be
    git:
      commitTitle: Release Helm Chart in 0.6.1
      sha: 0ef9a5145c9ab281a5838cad897b5a378417b6dc
      tags:
      - helm-0.6.1
    path: .
  path: .myks/vendir-cache/git-designate-certmanager-webhook-helm-0.6.1-5ec7bc913d3bb858/data
kind: LockConfig
