apiVersion: vendir.k14s.io/v1alpha1
directories:
- contents:
  - configDigest: b6e46f77a3d623566c56a03631734bd9aa7ea62046925b96e57c12891b32d7cd
    helmChart:
      appVersion: 11.6.0
      version: 8.11.0
    path: .
  path: .myks/vendir-cache/helm-grafana-8.11.0-d75425ef401b3430/data
kind: LockConfig
