apiVersion: vendir.k14s.io/v1alpha1
directories:
- contents:
  - configDigest: fa6ba187efbbc8d38ebb098861f07acaf9d4ea1b1b7e1ccdb18ad3399175e56b
    git:
      commitTitle: Bump version to 2.13.3 (#21359)...
      sha: a25c8a0eef7830be0c2c9074c92dbea8ff23a962
      tags:
      - v2.13.3
    path: .
  path: .myks/vendir-cache/git-argo-cd-v2.13.3-145d91ffbf0b7bc8/data
kind: LockConfig
