apiVersion: vendir.k14s.io/v1alpha1
directories:
- contents:
  - configDigest: 3ab9260b53a9e24b02b1bd233252e016b6afc704778f0d50407b163d38129fc3
    helmChart:
      appVersion: 2.12.1
      version: 4.4.3
    path: .
  path: .myks/vendir-cache/helm-rabbitmq-cluster-operator-4.4.3-5b0ec4c18f1a0110/data
kind: LockConfig
