apiVersion: vendir.k14s.io/v1alpha1
directories:
- contents:
  - configDigest: 0a55181b16fde4883eb4938bace013cc419be9ed09f5955d742011770afa65df
    helmChart:
      appVersion: v0.53.0
      version: 0.42.4
    path: .
  path: .myks/vendir-cache/helm-victoria-metrics-operator-0.42.4-427ed3d4f8ee4be9/data
kind: LockConfig
