apiVersion: vendir.k14s.io/v1alpha1
directories:
- contents:
  - configDigest: 909793d9fa9ad6bb3a2f4c1ddfee96ae5d478d2ab5735a85a206d0de8314de2a
    helmChart:
      appVersion: v1.13.11
      version: 1.13.11
    path: .
  path: .myks/vendir-cache/helm-oncall-1.13.11-d1ef1f7e89615ee/data
kind: LockConfig
