apiVersion: vendir.k14s.io/v1alpha1
directories:
- contents:
  - configDigest: 921dcebffe5cd49a4b2edd2b900e1376448de329408eed4ef92edc3bde2d3301
    helmChart:
      appVersion: 2.2.4
      version: 3.11.1
    path: .
  path: .myks/vendir-cache/helm-flowise-3.11.1-2a5c764948247456/data
kind: LockConfig
