apiVersion: vendir.k14s.io/v1alpha1
directories:
- contents:
  - configDigest: be965e6317cffd213a8a8493748537f0bce5ec7c2b17d14bdc05dfece1b0c686
    helmChart:
      appVersion: v0.50.0
      version: 0.39.1
    path: .
  path: .myks/vendir-cache/helm-victoria-metrics-operator-0.39.1-a1626f89b0222a7e/data
kind: LockConfig
