apiVersion: vendir.k14s.io/v1alpha1
directories:
- contents:
  - configDigest: 54254e607951e7e6ed70873e30e46ce86c28b55ba9e90079c8801fcb5cba9ce4
    helmChart:
      appVersion: v0.54.1
      version: 0.43.1
    path: .
  path: .myks/vendir-cache/helm-victoria-metrics-operator-0.43.1-c0b745dd3c458189/data
kind: LockConfig
