apiVersion: vendir.k14s.io/v1alpha1
directories:
- contents:
  - configDigest: 8c1654120340494731f7d6e6188c3862add83b87ee83cc5dc933138c0f5a274c
    helmChart:
      appVersion: v1.5.0
      version: 0.8.13
    path: .
  path: .myks/vendir-cache/helm-victoria-logs-single-0.8.13-47fb7f7b4b3ded27/data
kind: LockConfig
