apiVersion: vendir.k14s.io/v1alpha1
directories:
- contents:
  - configDigest: d15fdf34ee6733ceff776d7bed6b78ea47273bc7520be1b8fe805c3942dc7f57
    helmChart:
      appVersion: v3.3.2
      version: 34.2.0
    path: .
  path: .myks/vendir-cache/helm-traefik-34.2.0-fe3f7c1f466666d0/data
kind: LockConfig
