apiVersion: vendir.k14s.io/v1alpha1
directories:
- contents:
  - configDigest: 367af37066d5f7ecc17ffced4cb15b4ccca5a0114a9b4bde727f131ba0c4e774
    helmChart:
      appVersion: v1.1.0
      version: 1.1.0
    path: .
  path: .myks/vendir-cache/helm-reloader-1.1.0-90cea327bbbb9c86/data
kind: LockConfig
