apiVersion: vendir.k14s.io/v1alpha1
directories:
- contents:
  - configDigest: b58352b44bcc3083b6293f7ea8d48a994eaf5d4d8620bbd1d9586d8caf0dfc9d
    helmChart:
      appVersion: 11.5.2
      version: 8.10.1
    path: .
  path: .myks/vendir-cache/helm-grafana-8.10.1-2e5e33e5c2742c0c/data
kind: LockConfig
