apiVersion: vendir.k14s.io/v1alpha1
directories:
- contents:
  - configDigest: e0d6f356a8942fca638e2363b7f30b02b71e8afaeebdc5bdb383593034c07ef4
    helmChart:
      appVersion: v0.51.3
      version: 0.40.5
    path: .
  path: .myks/vendir-cache/helm-victoria-metrics-operator-0.40.5-4550d3e6a4d7f8c2/data
kind: LockConfig
