apiVersion: vendir.k14s.io/v1alpha1
directories:
- contents:
  - configDigest: efa71af16e3baef3e31f596d2ded42924e76beadb82164302e8382f75bcfb7c9
    git:
      commitTitle: 'feat(source): fitler by gateway name (#5160)...'
      sha: 724b86b8b867db9420c51b6a8bc9d26118bf213d
      tags:
      - v0.16.0
    path: .
  path: .myks/vendir-cache/git-external-dns-v0.16.0-4d1dd6682d168d97/data
kind: LockConfig
