apiVersion: vendir.k14s.io/v1alpha1
directories:
- contents:
  - configDigest: bffa2e390701d14617dee8d5546c01767aae24567392e1f07ef65889f8a77569
    helmChart:
      appVersion: v1.15.4
      version: 1.15.4
    path: .
  path: .myks/vendir-cache/helm-oncall-1.15.4-9f1b4da68b89ae78/data
kind: LockConfig
