apiVersion: vendir.k14s.io/v1alpha1
directories:
- contents:
  - configDigest: 647643182beca8e7df95f96c1b139a04c2d57f449b9ea4f5e984b506d559e14f
    helmChart:
      appVersion: v3.1.5
      version: 32.1.0
    path: .
  path: .myks/vendir-cache/helm-traefik-32.1.0-b9b64815c0622b15/data
kind: LockConfig
