apiVersion: vendir.k14s.io/v1alpha1
directories:
- contents:
  - configDigest: ead3b24c7cad2f5470f75351b860cb649630211858997e87940ad3d4763c50ec
    helmChart:
      appVersion: v1.2.0
      version: 1.2.0
    path: .
  path: .myks/vendir-cache/helm-reloader-1.2.0-3be3310f07f6f069/data
kind: LockConfig
