apiVersion: vendir.k14s.io/v1alpha1
directories:
- contents:
  - configDigest: 3019b629a87a178e1df1949b15b79b025b5a0610baff4a33c389ae4cbf86e509
    helmChart:
      appVersion: 11.4.0
      version: 8.8.3
    path: .
  path: .myks/vendir-cache/helm-grafana-8.8.3-26e27f28e09cd483/data
kind: LockConfig
