apiVersion: vendir.k14s.io/v1alpha1
directories:
- contents:
  - configDigest: 6f54a1d19fa76ac4198ae3c0d42378a4e02f18054ae53543e3f0efa2cd211a4f
    helmChart:
      appVersion: v0.79.2
      version: 67.7.0
    path: .
  path: .myks/vendir-cache/helm-kube-prometheus-stack-67.7.0-e7142d3d88498997/data
kind: LockConfig
