apiVersion: vendir.k14s.io/v1alpha1
directories:
- contents:
  - configDigest: 5ff84d736ecd08bed6543c096951cb513b49cddad6a1a3a187b3b20c46eed8fd
    git:
      commitTitle: Bump version to 2.14.4 on release-2.14 branch (#22176)...
      sha: 3d901f2037888af302a85f518bea70b33ee8e1c7
      tags:
      - stable
    path: .
  path: .myks/vendir-cache/git-argo-cd-v2.14.4-ba68e5123c282104/data
kind: LockConfig
