apiVersion: vendir.k14s.io/v1alpha1
directories:
- contents:
  - configDigest: 6c6dc63195b79c0305055d7e1210fa6c7a6979643105465aa25f51c1ef1317d1
    helmChart:
      appVersion: v3.3.2
      version: 34.1.0
    path: .
  path: .myks/vendir-cache/helm-traefik-34.1.0-59c74a2776141497/data
kind: LockConfig
