apiVersion: vendir.k14s.io/v1alpha1
directories:
- contents:
  - configDigest: 9b3592f4963f37eb7911ddb3099be51b28b7e00265c97b59d4a397a454f8fc56
    helmChart:
      appVersion: v1.16.2
      version: v1.16.2
    path: .
  path: .myks/vendir-cache/helm-cert-manager-v1.16.2-caa850346ef9fa96/data
kind: LockConfig
